
Microsoft Visual Studio Solution File, Format Version 12.00
# Visual Studio Version 16
VisualStudioVersion = 16.0.29709.97
MinimumVisualStudioVersion = 10.0.40219.1
Project("{FAE04EC0-301F-11D3-BF4B-00C04F79EFBC}") = "Matematiksel_Fonksiyonlar_1", "Matematiksel_Fonksiyonlar_1\Matematiksel_Fonksiyonlar_1.csproj", "{342589A4-2F9B-4058-AAF7-BC02254FA962}"
EndProject
Global
	GlobalSection(SolutionConfigurationPlatforms) = preSolution
		Debug|Any CPU = Debug|Any CPU
		Release|Any CPU = Release|Any CPU
	EndGlobalSection
	GlobalSection(ProjectConfigurationPlatforms) = postSolution
		{342589A4-2F9B-4058-AAF7-BC02254FA962}.Debug|Any CPU.ActiveCfg = Debug|Any CPU
		{342589A4-2F9B-4058-AAF7-BC02254FA962}.Debug|Any CPU.Build.0 = Debug|Any CPU
		{342589A4-2F9B-4058-AAF7-BC02254FA962}.Release|Any CPU.ActiveCfg = Release|Any CPU
		{342589A4-2F9B-4058-AAF7-BC02254FA962}.Release|Any CPU.Build.0 = Release|Any CPU
	EndGlobalSection
	GlobalSection(SolutionProperties) = preSolution
		HideSolutionNode = FALSE
	EndGlobalSection
	GlobalSection(ExtensibilityGlobals) = postSolution
		SolutionGuid = {00D22FD4-AF5F-4282-8D36-937FF5F0F17D}
	EndGlobalSection
EndGlobal
